
Microsoft Visual Studio Solution File, Format Version 12.00
# Visual Studio Version 16
VisualStudioVersion = 16.0.31911.196
MinimumVisualStudioVersion = 10.0.40219.1
Project("{FAE04EC0-301F-11D3-BF4B-00C04F79EFBC}") = "RecodeMvc", "RecodeMvc\RecodeMvc.csproj", "{E3997283-D397-407C-AD1B-F961B9DFFD2D}"
EndProject
Global
	GlobalSection(SolutionConfigurationPlatforms) = preSolution
		Debug|Any CPU = Debug|Any CPU
		Release|Any CPU = Release|Any CPU
	EndGlobalSection
	GlobalSection(ProjectConfigurationPlatforms) = postSolution
		{E3997283-D397-407C-AD1B-F961B9DFFD2D}.Debug|Any CPU.ActiveCfg = Debug|Any CPU
		{E3997283-D397-407C-AD1B-F961B9DFFD2D}.Debug|Any CPU.Build.0 = Debug|Any CPU
		{E3997283-D397-407C-AD1B-F961B9DFFD2D}.Release|Any CPU.ActiveCfg = Release|Any CPU
		{E3997283-D397-407C-AD1B-F961B9DFFD2D}.Release|Any CPU.Build.0 = Release|Any CPU
	EndGlobalSection
	GlobalSection(SolutionProperties) = preSolution
		HideSolutionNode = FALSE
	EndGlobalSection
	GlobalSection(ExtensibilityGlobals) = postSolution
		SolutionGuid = {C55D2E36-89D4-4F10-83F6-105FCB5495FD}
	EndGlobalSection
EndGlobal
